{
  "name": "tck-tests",
  "lockfileVersion": 3,
  "requires": true,
  "packages": {
    "": {
      "name": "tck-tests",
      "dependencies": {
        "asciidoc-tck": "git+https://gitlab.eclipse.org/eclipse/asciidoc-lang/asciidoc-tck.git"
      }
    },
    "node_modules/asciidoc-tck": {
      "version": "1.0.0-alpha.0",
      "resolved": "git+https://gitlab.eclipse.org/eclipse/asciidoc-lang/asciidoc-tck.git#7927248a1dee53d2df20987f882549629f7fc9c5",
      "license": "EPL-2.0",
      "workspaces": [
        "."
      ],
      "bin": {
        "asciidoc-tck": "harness/bin/asciidoc-tck.js"
      },
      "engines": {
        "node": ">=20"
      }
    }
  }
}
