
Microsoft Visual Studio Solution File, Format Version 12.00
# Visual Studio Version 17
VisualStudioVersion = 17.8.34330.188
MinimumVisualStudioVersion = 10.0.40219.1
Project("{2150E333-8FDC-42A3-9474-1A3956D46DE8}") = "Source", "Source", "{77E7510A-E658-4744-B00E-AF26BC142B5B}"
EndProject
Project("{2150E333-8FDC-42A3-9474-1A3956D46DE8}") = "Test", "Test", "{79544027-00B0-4B5F-A6A7-0F02EDB696AE}"
EndProject
Project("{9A19103F-16F7-4668-BE54-9A1E7A4F7556}") = "AsciiSharp", "Source\AsciiSharp\AsciiSharp.csproj", "{7AF3A08A-5C64-49E1-84CA-1E79B61A87BC}"
EndProject
Project("{9A19103F-16F7-4668-BE54-9A1E7A4F7556}") = "AsciiSharp.Tests", "Test\AsciiSharp.Tests\AsciiSharp.Tests.csproj", "{887DA844-6454-4405-A6A8-8540C2F1AF27}"
EndProject
Project("{9A19103F-16F7-4668-BE54-9A1E7A4F7556}") = "AsciiSharp.TckAdapter", "Source\AsciiSharp.TckAdapter\AsciiSharp.TckAdapter.csproj", "{8AE76DE8-C773-4232-A72D-72F267E9802E}"
EndProject
Global
	GlobalSection(SolutionConfigurationPlatforms) = preSolution
		Debug|Any CPU = Debug|Any CPU
		Release|Any CPU = Release|Any CPU
	EndGlobalSection
	GlobalSection(ProjectConfigurationPlatforms) = postSolution
		{7AF3A08A-5C64-49E1-84CA-1E79B61A87BC}.Debug|Any CPU.ActiveCfg = Debug|Any CPU
		{7AF3A08A-5C64-49E1-84CA-1E79B61A87BC}.Debug|Any CPU.Build.0 = Debug|Any CPU
		{7AF3A08A-5C64-49E1-84CA-1E79B61A87BC}.Release|Any CPU.ActiveCfg = Release|Any CPU
		{7AF3A08A-5C64-49E1-84CA-1E79B61A87BC}.Release|Any CPU.Build.0 = Release|Any CPU
		{887DA844-6454-4405-A6A8-8540C2F1AF27}.Debug|Any CPU.ActiveCfg = Debug|Any CPU
		{887DA844-6454-4405-A6A8-8540C2F1AF27}.Debug|Any CPU.Build.0 = Debug|Any CPU
		{887DA844-6454-4405-A6A8-8540C2F1AF27}.Release|Any CPU.ActiveCfg = Release|Any CPU
		{887DA844-6454-4405-A6A8-8540C2F1AF27}.Release|Any CPU.Build.0 = Release|Any CPU
		{8AE76DE8-C773-4232-A72D-72F267E9802E}.Debug|Any CPU.ActiveCfg = Debug|Any CPU
		{8AE76DE8-C773-4232-A72D-72F267E9802E}.Debug|Any CPU.Build.0 = Debug|Any CPU
		{8AE76DE8-C773-4232-A72D-72F267E9802E}.Release|Any CPU.ActiveCfg = Release|Any CPU
		{8AE76DE8-C773-4232-A72D-72F267E9802E}.Release|Any CPU.Build.0 = Release|Any CPU
	EndGlobalSection
	GlobalSection(SolutionProperties) = preSolution
		HideSolutionNode = FALSE
	EndGlobalSection
	GlobalSection(NestedProjects) = preSolution
		{7AF3A08A-5C64-49E1-84CA-1E79B61A87BC} = {77E7510A-E658-4744-B00E-AF26BC142B5B}
		{887DA844-6454-4405-A6A8-8540C2F1AF27} = {79544027-00B0-4B5F-A6A7-0F02EDB696AE}
		{8AE76DE8-C773-4232-A72D-72F267E9802E} = {77E7510A-E658-4744-B00E-AF26BC142B5B}
	EndGlobalSection
	GlobalSection(ExtensibilityGlobals) = postSolution
		SolutionGuid = {2E971BDE-B41E-4DD2-A7A1-19B867876463}
	EndGlobalSection
EndGlobal
