{
  "version": 2,
  "dependencies": {
    "net10.0": {
      "Microsoft.NET.ILLink.Tasks": {
        "type": "Direct",
        "requested": "[10.0.0, )",
        "resolved": "10.0.0",
        "contentHash": "kICGrGYEzCNI3wPzfEXcwNHgTvlvVn9yJDhSdRK+oZQy4jvYH529u7O0xf5ocQKzOMjfS07+3z9PKRIjrFMJDA=="
      },
      "Microsoft.Testing.Extensions.CodeCoverage": {
        "type": "Direct",
        "requested": "[18.1.0, )",
        "resolved": "18.1.0",
        "contentHash": "FJUCocHSPSjbeoGE/OojOhVUXwDng3VdNlwqzif9hMS2eFcG0f8RdjLM537aBsjP7zLHvGnWXbnUnc61v/EFCA==",
        "dependencies": {
          "Microsoft.DiaSymReader": "2.0.0",
          "Microsoft.Extensions.DependencyModel": "6.0.2",
          "Microsoft.Testing.Platform": "2.0.0"
        }
      },
      "Microsoft.Testing.Extensions.TrxReport": {
        "type": "Direct",
        "requested": "[2.0.1, )",
        "resolved": "2.0.1",
        "contentHash": "8XsUmt8RfelkKggTZm/HfrTtY3pnT1/Rfmi4xxPbx9ko5fToxnpsDH3uvU6LwxKff41WQAABNN0K/qdLdk5FaQ==",
        "dependencies": {
          "Microsoft.Testing.Extensions.TrxReport.Abstractions": "2.0.1",
          "Microsoft.Testing.Platform": "2.0.1"
        }
      },
      "MSTest.TestAdapter": {
        "type": "Direct",
        "requested": "[4.0.1, )",
        "resolved": "4.0.1",
        "contentHash": "c5a2Dg/rxsB7pWwTMhULlHAmrNZtHC8xFa7LGxBQHdt80vMZ2Ez9PSHvkWAmxZhC5ma9GuJ89KCieRA8cJykPQ==",
        "dependencies": {
          "MSTest.TestFramework": "4.0.1",
          "Microsoft.Testing.Extensions.VSTestBridge": "2.0.1",
          "Microsoft.Testing.Platform.MSBuild": "2.0.1"
        }
      },
      "MSTest.TestFramework": {
        "type": "Direct",
        "requested": "[4.0.1, )",
        "resolved": "4.0.1",
        "contentHash": "uXIBT47UAQcga6sfflqFvo1rkmHQESIhDvtusMWqhOef9nZhJF8UslfOZoIBV8q6uv9WOehSZ5fBBB4SNZWnBg==",
        "dependencies": {
          "MSTest.Analyzers": "4.0.1"
        }
      },
      "Reqnroll.MsTest": {
        "type": "Direct",
        "requested": "[3.2.0, )",
        "resolved": "3.2.0",
        "contentHash": "RhHhJjpjMBgXOY+2Y1ABhX/cJvv2bTwLGjzfetPEn61C/1G8TwutL1zsZWgVRv4HvYG+tej3X0IONn1+h8QK2Q==",
        "dependencies": {
          "MSTest.TestFramework": "2.2.8",
          "Reqnroll": "[3.2.0]",
          "Reqnroll.Tools.MsBuild.Generation": "[3.2.0]"
        }
      },
      "Cucumber.CucumberExpressions": {
        "type": "Transitive",
        "resolved": "17.1.0",
        "contentHash": "IZFDLLwrUCKuGDXQzmAWZa+kQFpVmVwWD8wEl0UWGOR83UQfzqg8hZeSSNUOXlW0Kh3vMO6kEm3FpNC4amKMaw=="
      },
      "Cucumber.HtmlFormatter": {
        "type": "Transitive",
        "resolved": "21.15.1",
        "contentHash": "At28t7VZsS8ccscrD0zjUpp02QeRz2MrBLvpSzO4eL6OD76HoPdCSN4aNyg3q5RD+t21uYpIQq0N2XR6J0MB0A==",
        "dependencies": {
          "Cucumber.Messages": "29.0.1"
        }
      },
      "Cucumber.Messages": {
        "type": "Transitive",
        "resolved": "29.0.1",
        "contentHash": "R2oo/wR3mXrbdK04Yraf+KhB01f/lyBkLQZcdxYt9XKE6tV+Af45MEk+jfbsew1SVvrAO0WvkIRwGYUozKCJvQ=="
      },
      "Gherkin": {
        "type": "Transitive",
        "resolved": "35.0.0",
        "contentHash": "ha+QNevQsXEESbzazUceHTCtKOjoBTBa8kLFdKpu6vSEbb3UMt3a55RG78tIoU/C4qzIqX3jQxaIdIcYGO+IWQ==",
        "dependencies": {
          "Cucumber.Messages": "29.0.1"
        }
      },
      "Microsoft.ApplicationInsights": {
        "type": "Transitive",
        "resolved": "2.23.0",
        "contentHash": "nWArUZTdU7iqZLycLKWe0TDms48KKGE6pONH2terYNa8REXiqixrMOkf1sk5DHGMaUTqONU2YkS4SAXBhLStgw=="
      },
      "Microsoft.Bcl.AsyncInterfaces": {
        "type": "Transitive",
        "resolved": "9.0.6",
        "contentHash": "82rLw487j5jBXEi2r3WvA/cagOhcRREVRtet6izzjDMY+i392W5oNSN2KCtuIvlTpyMONEUD0MIlGAgDdsvQ/w=="
      },
      "Microsoft.DiaSymReader": {
        "type": "Transitive",
        "resolved": "2.0.0",
        "contentHash": "QcZrCETsBJqy/vQpFtJc+jSXQ0K5sucQ6NUFbTNVHD4vfZZOwjZ/3sBzczkC4DityhD3AVO/+K/+9ioLs1AgRA=="
      },
      "Microsoft.Extensions.DependencyModel": {
        "type": "Transitive",
        "resolved": "8.0.2",
        "contentHash": "mUBDZZRgZrSyFOsJ2qJJ9fXfqd/kXJwf3AiDoqLD9m6TjY5OO/vLNOb9fb4juC0487eq4hcGN/M2Rh/CKS7QYw=="
      },
      "Microsoft.Testing.Extensions.Telemetry": {
        "type": "Transitive",
        "resolved": "2.0.1",
        "contentHash": "qfzQF/XSjjtcir+wEPdVOIaseQqTqucNWO3uw+dbSflpIC9y9+o+Kq8+Xi0O9AGxukgMz/r4QTdNEK2FauYSCA==",
        "dependencies": {
          "Microsoft.ApplicationInsights": "2.23.0",
          "Microsoft.Testing.Platform": "2.0.1"
        }
      },
      "Microsoft.Testing.Extensions.TrxReport.Abstractions": {
        "type": "Transitive",
        "resolved": "2.0.1",
        "contentHash": "GCyRVLdFiOlGkgZItt2kHJRn/NY9zhEF5EQwjFCOl6fwr+uSy0KtwwGHF5uERevjEEBTqRbj4wwrraAqRyq1Zw==",
        "dependencies": {
          "Microsoft.Testing.Platform": "2.0.1"
        }
      },
      "Microsoft.Testing.Extensions.VSTestBridge": {
        "type": "Transitive",
        "resolved": "2.0.1",
        "contentHash": "9AhTlsybBBit+26FwsVFMc8piaNfHtBCqFuwC0sW6LZJfg9fB1SIh/FQLt2jQF98qwasbZ2r8OMYivxZkL3mAg==",
        "dependencies": {
          "Microsoft.TestPlatform.AdapterUtilities": "18.0.0",
          "Microsoft.TestPlatform.ObjectModel": "18.0.0",
          "Microsoft.Testing.Extensions.Telemetry": "2.0.1",
          "Microsoft.Testing.Extensions.TrxReport.Abstractions": "2.0.1",
          "Microsoft.Testing.Platform": "2.0.1"
        }
      },
      "Microsoft.Testing.Platform": {
        "type": "Transitive",
        "resolved": "2.0.1",
        "contentHash": "k1k9DV/pzkhiG0LOokmrBf63BBhgUoHcjsOA6C0S26hiO+prcUIw4wpbzrUGrwMmJlo1P0idxJtiFEAZdvNwxQ=="
      },
      "Microsoft.Testing.Platform.MSBuild": {
        "type": "Transitive",
        "resolved": "2.0.1",
        "contentHash": "zI8svKM2d1wAu20u+cMRo13oJv4uyPcCmVZixvKk+W34d1F7hH2msEzyQ4zv3NEliE60JMM9cdDxWcA3yU2oAA==",
        "dependencies": {
          "Microsoft.Testing.Platform": "2.0.1"
        }
      },
      "Microsoft.TestPlatform.AdapterUtilities": {
        "type": "Transitive",
        "resolved": "18.0.0",
        "contentHash": "3D9MrhTGYshzsEORmcA2lTP7nnxkFfbqGnLas5J1E7XgPU2Mtvp57IAKVFLzHUu9sLMjaxBZQOe9A/hYoUWyWw=="
      },
      "Microsoft.TestPlatform.ObjectModel": {
        "type": "Transitive",
        "resolved": "18.0.0",
        "contentHash": "Al/a99ymb8UdEEh6DKNiaoFn5i8fvX5PdM9LfU9Z/Q8NJrlyHHzF+LRHLbR+t89gRsJ2fFMpwYxgEn3eH1BQwA=="
      },
      "MSTest.Analyzers": {
        "type": "Transitive",
        "resolved": "4.0.1",
        "contentHash": "SFYBSnZ2O5n+JZ6dYGig0rV8maAYYSAk8SpYbAvCl8XqJ2H1+Z6Su9AI4llW+RMJtmDDRUZ3JgaGih/MMgQkOw=="
      },
      "Reqnroll": {
        "type": "Transitive",
        "resolved": "3.2.0",
        "contentHash": "DpNsTy68QmFMmYNEqAUurP7R/o8MynhS+dEQizd2lv7VoyVXSu1S2ewprGwCzo2zv4rjjN9zd4bpR6FHx6SXlg==",
        "dependencies": {
          "Cucumber.CucumberExpressions": "17.1.0",
          "Cucumber.HtmlFormatter": "21.15.1",
          "Cucumber.Messages": "29.0.1",
          "Gherkin": "35.0.0",
          "Microsoft.Bcl.AsyncInterfaces": "9.0.6",
          "Microsoft.Extensions.DependencyModel": "8.0.2"
        }
      },
      "Reqnroll.Tools.MsBuild.Generation": {
        "type": "Transitive",
        "resolved": "3.2.0",
        "contentHash": "QF4d1k2Lq0j8fBks+Tgt3IXYuTG7+RT4SM5vhbpMdsBf8nPfmPpaSifgke9qtExVsqCnAKfNo4bC2V1S0e4Mlg=="
      },
      "asciisharp": {
        "type": "Project"
      }
    }
  }
}